
Microsoft Visual Studio Solution File, Format Version 12.00
# Visual Studio Version 17
VisualStudioVersion = 17.11.35327.3
MinimumVisualStudioVersion = 10.0.40219.1
Project("{9A19103F-16F7-4668-BE54-9A1E7A4F7556}") = "Sergeeva_olimp_test", "Sergeeva_olimp_test\Sergeeva_olimp_test.csproj", "{D6614902-9225-455E-9005-08B26D746D2E}"
EndProject
Project("{9A19103F-16F7-4668-BE54-9A1E7A4F7556}") = "SergeevaA_PR_31_zd_1", "..\SergeevaA_PR_31_OLIMP\SergeevaA_PR_31_zd_1\SergeevaA_PR_31_zd_1\SergeevaA_PR_31_zd_1.csproj", "{8F7C4D5E-43B0-4566-AF49-9D39A1DFFE7E}"
EndProject
Project("{9A19103F-16F7-4668-BE54-9A1E7A4F7556}") = "SergeevaA_PR_31_zd_4", "..\SergeevaA_PR_31_OLIMP\SergeevaA_PR_31_zd_4\SergeevaA_PR_31_zd_4\SergeevaA_PR_31_zd_4.csproj", "{3E2887DA-641F-4F37-B8B4-68B774001972}"
EndProject
Project("{9A19103F-16F7-4668-BE54-9A1E7A4F7556}") = "SergeevaA_PR_31_zd_6", "..\SergeevaA_PR_31_zd_6\SergeevaA_PR_31_zd_6\SergeevaA_PR_31_zd_6.csproj", "{5C56327C-E5C2-48C9-AD2D-270CD9B8C990}"
EndProject
Global
	GlobalSection(SolutionConfigurationPlatforms) = preSolution
		Debug|Any CPU = Debug|Any CPU
		Release|Any CPU = Release|Any CPU
	EndGlobalSection
	GlobalSection(ProjectConfigurationPlatforms) = postSolution
		{D6614902-9225-455E-9005-08B26D746D2E}.Debug|Any CPU.ActiveCfg = Debug|Any CPU
		{D6614902-9225-455E-9005-08B26D746D2E}.Debug|Any CPU.Build.0 = Debug|Any CPU
		{D6614902-9225-455E-9005-08B26D746D2E}.Release|Any CPU.ActiveCfg = Release|Any CPU
		{D6614902-9225-455E-9005-08B26D746D2E}.Release|Any CPU.Build.0 = Release|Any CPU
		{8F7C4D5E-43B0-4566-AF49-9D39A1DFFE7E}.Debug|Any CPU.ActiveCfg = Debug|Any CPU
		{8F7C4D5E-43B0-4566-AF49-9D39A1DFFE7E}.Debug|Any CPU.Build.0 = Debug|Any CPU
		{8F7C4D5E-43B0-4566-AF49-9D39A1DFFE7E}.Release|Any CPU.ActiveCfg = Release|Any CPU
		{8F7C4D5E-43B0-4566-AF49-9D39A1DFFE7E}.Release|Any CPU.Build.0 = Release|Any CPU
		{3E2887DA-641F-4F37-B8B4-68B774001972}.Debug|Any CPU.ActiveCfg = Debug|Any CPU
		{3E2887DA-641F-4F37-B8B4-68B774001972}.Debug|Any CPU.Build.0 = Debug|Any CPU
		{3E2887DA-641F-4F37-B8B4-68B774001972}.Release|Any CPU.ActiveCfg = Release|Any CPU
		{3E2887DA-641F-4F37-B8B4-68B774001972}.Release|Any CPU.Build.0 = Release|Any CPU
		{5C56327C-E5C2-48C9-AD2D-270CD9B8C990}.Debug|Any CPU.ActiveCfg = Debug|Any CPU
		{5C56327C-E5C2-48C9-AD2D-270CD9B8C990}.Debug|Any CPU.Build.0 = Debug|Any CPU
		{5C56327C-E5C2-48C9-AD2D-270CD9B8C990}.Release|Any CPU.ActiveCfg = Release|Any CPU
		{5C56327C-E5C2-48C9-AD2D-270CD9B8C990}.Release|Any CPU.Build.0 = Release|Any CPU
	EndGlobalSection
	GlobalSection(SolutionProperties) = preSolution
		HideSolutionNode = FALSE
	EndGlobalSection
	GlobalSection(ExtensibilityGlobals) = postSolution
		SolutionGuid = {ADAB406B-60DB-413C-AB14-BA544217C686}
	EndGlobalSection
EndGlobal
